
Microsoft Visual Studio Solution File, Format Version 12.00
# Visual Studio Version 16
VisualStudioVersion = 16.0.29926.136
MinimumVisualStudioVersion = 10.0.40219.1
Project("{FAE04EC0-301F-11D3-BF4B-00C04F79EFBC}") = "Trello", "Trello\Trello.csproj", "{80C8FF9D-9789-4CE4-AD14-0B39B7D8DDCB}"
EndProject
Global
	GlobalSection(SolutionConfigurationPlatforms) = preSolution
		Debug|Any CPU = Debug|Any CPU
		Release|Any CPU = Release|Any CPU
	EndGlobalSection
	GlobalSection(ProjectConfigurationPlatforms) = postSolution
		{80C8FF9D-9789-4CE4-AD14-0B39B7D8DDCB}.Debug|Any CPU.ActiveCfg = Debug|Any CPU
		{80C8FF9D-9789-4CE4-AD14-0B39B7D8DDCB}.Debug|Any CPU.Build.0 = Debug|Any CPU
		{80C8FF9D-9789-4CE4-AD14-0B39B7D8DDCB}.Release|Any CPU.ActiveCfg = Release|Any CPU
		{80C8FF9D-9789-4CE4-AD14-0B39B7D8DDCB}.Release|Any CPU.Build.0 = Release|Any CPU
	EndGlobalSection
	GlobalSection(SolutionProperties) = preSolution
		HideSolutionNode = FALSE
	EndGlobalSection
	GlobalSection(ExtensibilityGlobals) = postSolution
		SolutionGuid = {60DAB2A2-47B7-4DE6-9026-C8347EC373B5}
	EndGlobalSection
EndGlobal
